
Microsoft Visual Studio Solution File, Format Version 12.00
# Visual Studio Version 17
VisualStudioVersion = 17.5.33516.290
MinimumVisualStudioVersion = 10.0.40219.1
Project("{FAE04EC0-301F-11D3-BF4B-00C04F79EFBC}") = "CS7504_Assignment_1_project", "CS7504_Assignment_1_project\CS7504_Assignment_1_project.csproj", "{684CC2A8-C1DB-4997-806C-54CA4120A1FC}"
EndProject
Global
	GlobalSection(SolutionConfigurationPlatforms) = preSolution
		Debug|Any CPU = Debug|Any CPU
		Release|Any CPU = Release|Any CPU
	EndGlobalSection
	GlobalSection(ProjectConfigurationPlatforms) = postSolution
		{684CC2A8-C1DB-4997-806C-54CA4120A1FC}.Debug|Any CPU.ActiveCfg = Debug|Any CPU
		{684CC2A8-C1DB-4997-806C-54CA4120A1FC}.Debug|Any CPU.Build.0 = Debug|Any CPU
		{684CC2A8-C1DB-4997-806C-54CA4120A1FC}.Release|Any CPU.ActiveCfg = Release|Any CPU
		{684CC2A8-C1DB-4997-806C-54CA4120A1FC}.Release|Any CPU.Build.0 = Release|Any CPU
	EndGlobalSection
	GlobalSection(SolutionProperties) = preSolution
		HideSolutionNode = FALSE
	EndGlobalSection
	GlobalSection(ExtensibilityGlobals) = postSolution
		SolutionGuid = {848CE5E7-EACA-47E4-9B66-215EAFEEE879}
	EndGlobalSection
EndGlobal
